// !$*UTF8*$!
{
	archiveVersion = 1;
	classes = {
	};
	objectVersion = 46;
	objects = {

/* Begin PBXBuildFile section */
		9C8E085A1FA109FE0045C1A8 /* AppDelegate.swift in Sources */ = {isa = PBXBuildFile; fileRef = 9C8E08591FA109FE0045C1A8 /* AppDelegate.swift */; };
		9C8E085C1FA109FF0045C1A8 /* CameraVC.swift in Sources */ = {isa = PBXBuildFile; fileRef = 9C8E085B1FA109FF0045C1A8 /* CameraVC.swift */; };
		9C8E085F1FA109FF0045C1A8 /* Main.storyboard in Resources */ = {isa = PBXBuildFile; fileRef = 9C8E085D1FA109FF0045C1A8 /* Main.storyboard */; };
		9C8E08611FA109FF0045C1A8 /* Assets.xcassets in Resources */ = {isa = PBXBuildFile; fileRef = 9C8E08601FA109FF0045C1A8 /* Assets.xcassets */; };
		9C8E08641FA109FF0045C1A8 /* LaunchScreen.storyboard in Resources */ = {isa = PBXBuildFile; fileRef = 9C8E08621FA109FF0045C1A8 /* LaunchScreen.storyboard */; };
		9C8E086F1FA10A000045C1A8 /* image_recognition_iosTests.swift in Sources */ = {isa = PBXBuildFile; fileRef = 9C8E086E1FA10A000045C1A8 /* image_recognition_iosTests.swift */; };
		9C8E087A1FA246C80045C1A8 /* TensorflowVC.swift in Sources */ = {isa = PBXBuildFile; fileRef = 9C8E08791FA246C80045C1A8 /* TensorflowVC.swift */; };
		BCF0ACB0B5D0F182F18FF722 /* Pods_image_recognition_ios.framework in Frameworks */ = {isa = PBXBuildFile; fileRef = F3A7811DC5C29242E20A5958 /* Pods_image_recognition_ios.framework */; };
		E775EB539749465DFD5C0744 /* Pods_image_recognition_iosTests.framework in Frameworks */ = {isa = PBXBuildFile; fileRef = 97BA811C9041298731026DEA /* Pods_image_recognition_iosTests.framework */; };
/* End PBXBuildFile section */

/* Begin PBXContainerItemProxy section */
		9C8E086B1FA10A000045C1A8 /* PBXContainerItemProxy */ = {
			isa = PBXContainerItemProxy;
			containerPortal = 9C8E084E1FA109FE0045C1A8 /* Project object */;
			proxyType = 1;
			remoteGlobalIDString = 9C8E08551FA109FE0045C1A8;
			remoteInfo = image_recognition_ios;
		};
/* End PBXContainerItemProxy section */

/* Begin PBXFileReference section */
		04513143D9A5C36C88CDF70B /* Pods-image_recognition_iosTests.release.xcconfig */ = {isa = PBXFileReference; includeInIndex = 1; lastKnownFileType = text.xcconfig; name = "Pods-image_recognition_iosTests.release.xcconfig"; path = "Pods/Target Support Files/Pods-image_recognition_iosTests/Pods-image_recognition_iosTests.release.xcconfig"; sourceTree = "<group>"; };
		2C80ABED777A80D34087DBED /* Pods-image_recognition_iosTests.debug.xcconfig */ = {isa = PBXFileReference; includeInIndex = 1; lastKnownFileType = text.xcconfig; name = "Pods-image_recognition_iosTests.debug.xcconfig"; path = "Pods/Target Support Files/Pods-image_recognition_iosTests/Pods-image_recognition_iosTests.debug.xcconfig"; sourceTree = "<group>"; };
		5D3FBAD06347C1F37B30AF92 /* Pods-image_recognition_ios.release.xcconfig */ = {isa = PBXFileReference; includeInIndex = 1; lastKnownFileType = text.xcconfig; name = "Pods-image_recognition_ios.release.xcconfig"; path = "Pods/Target Support Files/Pods-image_recognition_ios/Pods-image_recognition_ios.release.xcconfig"; sourceTree = "<group>"; };
		97BA811C9041298731026DEA /* Pods_image_recognition_iosTests.framework */ = {isa = PBXFileReference; explicitFileType = wrapper.framework; includeInIndex = 0; path = Pods_image_recognition_iosTests.framework; sourceTree = BUILT_PRODUCTS_DIR; };
		9C8E08561FA109FE0045C1A8 /* image_recognition_ios.app */ = {isa = PBXFileReference; explicitFileType = wrapper.application; includeInIndex = 0; path = image_recognition_ios.app; sourceTree = BUILT_PRODUCTS_DIR; };
		9C8E08591FA109FE0045C1A8 /* AppDelegate.swift */ = {isa = PBXFileReference; lastKnownFileType = sourcecode.swift; path = AppDelegate.swift; sourceTree = "<group>"; };
		9C8E085B1FA109FF0045C1A8 /* CameraVC.swift */ = {isa = PBXFileReference; lastKnownFileType = sourcecode.swift; path = CameraVC.swift; sourceTree = "<group>"; };
		9C8E085E1FA109FF0045C1A8 /* Base */ = {isa = PBXFileReference; lastKnownFileType = file.storyboard; name = Base; path = Base.lproj/Main.storyboard; sourceTree = "<group>"; };
		9C8E08601FA109FF0045C1A8 /* Assets.xcassets */ = {isa = PBXFileReference; lastKnownFileType = folder.assetcatalog; path = Assets.xcassets; sourceTree = "<group>"; };
		9C8E08631FA109FF0045C1A8 /* Base */ = {isa = PBXFileReference; lastKnownFileType = file.storyboard; name = Base; path = Base.lproj/LaunchScreen.storyboard; sourceTree = "<group>"; };
		9C8E08651FA109FF0045C1A8 /* Info.plist */ = {isa = PBXFileReference; lastKnownFileType = text.plist.xml; path = Info.plist; sourceTree = "<group>"; };
		9C8E086A1FA10A000045C1A8 /* image_recognition_iosTests.xctest */ = {isa = PBXFileReference; explicitFileType = wrapper.cfbundle; includeInIndex = 0; path = image_recognition_iosTests.xctest; sourceTree = BUILT_PRODUCTS_DIR; };
		9C8E086E1FA10A000045C1A8 /* image_recognition_iosTests.swift */ = {isa = PBXFileReference; lastKnownFileType = sourcecode.swift; path = image_recognition_iosTests.swift; sourceTree = "<group>"; };
		9C8E08701FA10A000045C1A8 /* Info.plist */ = {isa = PBXFileReference; lastKnownFileType = text.plist.xml; path = Info.plist; sourceTree = "<group>"; };
		9C8E08791FA246C80045C1A8 /* TensorflowVC.swift */ = {isa = PBXFileReference; fileEncoding = 4; lastKnownFileType = sourcecode.swift; path = TensorflowVC.swift; sourceTree = "<group>"; };
		BE9D7C23FDCBDBFDAEBEDAC6 /* Pods-image_recognition_ios.debug.xcconfig */ = {isa = PBXFileReference; includeInIndex = 1; lastKnownFileType = text.xcconfig; name = "Pods-image_recognition_ios.debug.xcconfig"; path = "Pods/Target Support Files/Pods-image_recognition_ios/Pods-image_recognition_ios.debug.xcconfig"; sourceTree = "<group>"; };
		F3A7811DC5C29242E20A5958 /* Pods_image_recognition_ios.framework */ = {isa = PBXFileReference; explicitFileType = wrapper.framework; includeInIndex = 0; path = Pods_image_recognition_ios.framework; sourceTree = BUILT_PRODUCTS_DIR; };
/* End PBXFileReference section */

/* Begin PBXFrameworksBuildPhase section */
		9C8E08531FA109FE0045C1A8 /* Frameworks */ = {
			isa = PBXFrameworksBuildPhase;
			buildActionMask = 2147483647;
			files = (
				BCF0ACB0B5D0F182F18FF722 /* Pods_image_recognition_ios.framework in Frameworks */,
			);
			runOnlyForDeploymentPostprocessing = 0;
		};
		9C8E08671FA10A000045C1A8 /* Frameworks */ = {
			isa = PBXFrameworksBuildPhase;
			buildActionMask = 2147483647;
			files = (
				E775EB539749465DFD5C0744 /* Pods_image_recognition_iosTests.framework in Frameworks */,
			);
			runOnlyForDeploymentPostprocessing = 0;
		};
/* End PBXFrameworksBuildPhase section */

/* Begin PBXGroup section */
		76F66233063FEDCEFCE7C420 /* Frameworks */ = {
			isa = PBXGroup;
			children = (
				F3A7811DC5C29242E20A5958 /* Pods_image_recognition_ios.framework */,
				97BA811C9041298731026DEA /* Pods_image_recognition_iosTests.framework */,
			);
			name = Frameworks;
			sourceTree = "<group>";
		};
		9C8E084D1FA109FE0045C1A8 = {
			isa = PBXGroup;
			children = (
				9C8E08581FA109FE0045C1A8 /* image_recognition_ios */,
				9C8E086D1FA10A000045C1A8 /* image_recognition_iosTests */,
				9C8E08571FA109FE0045C1A8 /* Products */,
				A7F0BDD798FE38AC7AFF8B09 /* Pods */,
				76F66233063FEDCEFCE7C420 /* Frameworks */,
			);
			sourceTree = "<group>";
		};
		9C8E08571FA109FE0045C1A8 /* Products */ = {
			isa = PBXGroup;
			children = (
				9C8E08561FA109FE0045C1A8 /* image_recognition_ios.app */,
				9C8E086A1FA10A000045C1A8 /* image_recognition_iosTests.xctest */,
			);
			name = Products;
			sourceTree = "<group>";
		};
		9C8E08581FA109FE0045C1A8 /* image_recognition_ios */ = {
			isa = PBXGroup;
			children = (
				9C8E08591FA109FE0045C1A8 /* AppDelegate.swift */,
				9C8E085B1FA109FF0045C1A8 /* CameraVC.swift */,
				9C8E08791FA246C80045C1A8 /* TensorflowVC.swift */,
				9C8E085D1FA109FF0045C1A8 /* Main.storyboard */,
				9C8E08601FA109FF0045C1A8 /* Assets.xcassets */,
				9C8E08621FA109FF0045C1A8 /* LaunchScreen.storyboard */,
				9C8E08651FA109FF0045C1A8 /* Info.plist */,
			);
			path = image_recognition_ios;
			sourceTree = "<group>";
		};
		9C8E086D1FA10A000045C1A8 /* image_recognition_iosTests */ = {
			isa = PBXGroup;
			children = (
				9C8E086E1FA10A000045C1A8 /* image_recognition_iosTests.swift */,
				9C8E08701FA10A000045C1A8 /* Info.plist */,
			);
			path = image_recognition_iosTests;
			sourceTree = "<group>";
		};
		A7F0BDD798FE38AC7AFF8B09 /* Pods */ = {
			isa = PBXGroup;
			children = (
				BE9D7C23FDCBDBFDAEBEDAC6 /* Pods-image_recognition_ios.debug.xcconfig */,
				5D3FBAD06347C1F37B30AF92 /* Pods-image_recognition_ios.release.xcconfig */,
				2C80ABED777A80D34087DBED /* Pods-image_recognition_iosTests.debug.xcconfig */,
				04513143D9A5C36C88CDF70B /* Pods-image_recognition_iosTests.release.xcconfig */,
			);
			name = Pods;
			sourceTree = "<group>";
		};
/* End PBXGroup section */

/* Begin PBXNativeTarget section */
		9C8E08551FA109FE0045C1A8 /* image_recognition_ios */ = {
			isa = PBXNativeTarget;
			buildConfigurationList = 9C8E08731FA10A000045C1A8 /* Build configuration list for PBXNativeTarget "image_recognition_ios" */;
			buildPhases = (
				F4C3F0A355399B8579F3C266 /* [CP] Check Pods Manifest.lock */,
				9C8E08521FA109FE0045C1A8 /* Sources */,
				9C8E08531FA109FE0045C1A8 /* Frameworks */,
				9C8E08541FA109FE0045C1A8 /* Resources */,
				0EF9C71F946816B567908265 /* [CP] Embed Pods Frameworks */,
				9219AB8518C5FCE9F1D555F2 /* [CP] Copy Pods Resources */,
			);
			buildRules = (
			);
			dependencies = (
			);
			name = image_recognition_ios;
			productName = image_recognition_ios;
			productReference = 9C8E08561FA109FE0045C1A8 /* image_recognition_ios.app */;
			productType = "com.apple.product-type.application";
		};
		9C8E08691FA10A000045C1A8 /* image_recognition_iosTests */ = {
			isa = PBXNativeTarget;
			buildConfigurationList = 9C8E08761FA10A000045C1A8 /* Build configuration list for PBXNativeTarget "image_recognition_iosTests" */;
			buildPhases = (
				25CD229F94CB14E9824D617B /* [CP] Check Pods Manifest.lock */,
				9C8E08661FA10A000045C1A8 /* Sources */,
				9C8E08671FA10A000045C1A8 /* Frameworks */,
				9C8E08681FA10A000045C1A8 /* Resources */,
				637908FE0C505F89B20B8570 /* [CP] Embed Pods Frameworks */,
				9921502C15E50865719328AC /* [CP] Copy Pods Resources */,
			);
			buildRules = (
			);
			dependencies = (
				9C8E086C1FA10A000045C1A8 /* PBXTargetDependency */,
			);
			name = image_recognition_iosTests;
			productName = image_recognition_iosTests;
			productReference = 9C8E086A1FA10A000045C1A8 /* image_recognition_iosTests.xctest */;
			productType = "com.apple.product-type.bundle.unit-test";
		};
/* End PBXNativeTarget section */

/* Begin PBXProject section */
		9C8E084E1FA109FE0045C1A8 /* Project object */ = {
			isa = PBXProject;
			attributes = {
				LastSwiftUpdateCheck = 0820;
				LastUpgradeCheck = 0820;
				ORGANIZATIONNAME = "Farhan Rahman";
				TargetAttributes = {
					9C8E08551FA109FE0045C1A8 = {
						CreatedOnToolsVersion = 8.2.1;
						DevelopmentTeam = 7979X6HKG4;
						ProvisioningStyle = Automatic;
					};
					9C8E08691FA10A000045C1A8 = {
						CreatedOnToolsVersion = 8.2.1;
						ProvisioningStyle = Automatic;
						TestTargetID = 9C8E08551FA109FE0045C1A8;
					};
				};
			};
			buildConfigurationList = 9C8E08511FA109FE0045C1A8 /* Build configuration list for PBXProject "image_recognition_ios" */;
			compatibilityVersion = "Xcode 3.2";
			developmentRegion = English;
			hasScannedForEncodings = 0;
			knownRegions = (
				en,
				Base,
			);
			mainGroup = 9C8E084D1FA109FE0045C1A8;
			productRefGroup = 9C8E08571FA109FE0045C1A8 /* Products */;
			projectDirPath = "";
			projectRoot = "";
			targets = (
				9C8E08551FA109FE0045C1A8 /* image_recognition_ios */,
				9C8E08691FA10A000045C1A8 /* image_recognition_iosTests */,
			);
		};
/* End PBXProject section */

/* Begin PBXResourcesBuildPhase section */
		9C8E08541FA109FE0045C1A8 /* Resources */ = {
			isa = PBXResourcesBuildPhase;
			buildActionMask = 2147483647;
			files = (
				9C8E08641FA109FF0045C1A8 /* LaunchScreen.storyboard in Resources */,
				9C8E08611FA109FF0045C1A8 /* Assets.xcassets in Resources */,
				9C8E085F1FA109FF0045C1A8 /* Main.storyboard in Resources */,
			);
			runOnlyForDeploymentPostprocessing = 0;
		};
		9C8E08681FA10A000045C1A8 /* Resources */ = {
			isa = PBXResourcesBuildPhase;
			buildActionMask = 2147483647;
			files = (
			);
			runOnlyForDeploymentPostprocessing = 0;
		};
/* End PBXResourcesBuildPhase section */

/* Begin PBXShellScriptBuildPhase section */
		0EF9C71F946816B567908265 /* [CP] Embed Pods Frameworks */ = {
			isa = PBXShellScriptBuildPhase;
			buildActionMask = 2147483647;
			files = (
			);
			inputPaths = (
				"${SRCROOT}/Pods/Target Support Files/Pods-image_recognition_ios/Pods-image_recognition_ios-frameworks.sh",
				"${BUILT_PRODUCTS_DIR}/Alamofire/Alamofire.framework",
			);
			name = "[CP] Embed Pods Frameworks";
			outputPaths = (
				"${TARGET_BUILD_DIR}/${FRAMEWORKS_FOLDER_PATH}/Alamofire.framework",
			);
			runOnlyForDeploymentPostprocessing = 0;
			shellPath = /bin/sh;
			shellScript = "\"${SRCROOT}/Pods/Target Support Files/Pods-image_recognition_ios/Pods-image_recognition_ios-frameworks.sh\"\n";
			showEnvVarsInLog = 0;
		};
		25CD229F94CB14E9824D617B /* [CP] Check Pods Manifest.lock */ = {
			isa = PBXShellScriptBuildPhase;
			buildActionMask = 2147483647;
			files = (
			);
			inputPaths = (
				"${PODS_PODFILE_DIR_PATH}/Podfile.lock",
				"${PODS_ROOT}/Manifest.lock",
			);
			name = "[CP] Check Pods Manifest.lock";
			outputPaths = (
				"$(DERIVED_FILE_DIR)/Pods-image_recognition_iosTests-checkManifestLockResult.txt",
			);
			runOnlyForDeploymentPostprocessing = 0;
			shellPath = /bin/sh;
			shellScript = "diff \"${PODS_PODFILE_DIR_PATH}/Podfile.lock\" \"${PODS_ROOT}/Manifest.lock\" > /dev/null\nif [ $? != 0 ] ; then\n    # print error to STDERR\n    echo \"error: The sandbox is not in sync with the Podfile.lock. Run 'pod install' or update your CocoaPods installation.\" >&2\n    exit 1\nfi\n# This output is used by Xcode 'outputs' to avoid re-running this script phase.\necho \"SUCCESS\" > \"${SCRIPT_OUTPUT_FILE_0}\"\n";
			showEnvVarsInLog = 0;
		};
		637908FE0C505F89B20B8570 /* [CP] Embed Pods Frameworks */ = {
			isa = PBXShellScriptBuildPhase;
			buildActionMask = 2147483647;
			files = (
			);
			inputPaths = (
			);
			name = "[CP] Embed Pods Frameworks";
			outputPaths = (
			);
			runOnlyForDeploymentPostprocessing = 0;
			shellPath = /bin/sh;
			shellScript = "\"${SRCROOT}/Pods/Target Support Files/Pods-image_recognition_iosTests/Pods-image_recognition_iosTests-frameworks.sh\"\n";
			showEnvVarsInLog = 0;
		};
		9219AB8518C5FCE9F1D555F2 /* [CP] Copy Pods Resources */ = {
			isa = PBXShellScriptBuildPhase;
			buildActionMask = 2147483647;
			files = (
			);
			inputPaths = (
			);
			name = "[CP] Copy Pods Resources";
			outputPaths = (
			);
			runOnlyForDeploymentPostprocessing = 0;
			shellPath = /bin/sh;
			shellScript = "\"${SRCROOT}/Pods/Target Support Files/Pods-image_recognition_ios/Pods-image_recognition_ios-resources.sh\"\n";
			showEnvVarsInLog = 0;
		};
		9921502C15E50865719328AC /* [CP] Copy Pods Resources */ = {
			isa = PBXShellScriptBuildPhase;
			buildActionMask = 2147483647;
			files = (
			);
			inputPaths = (
			);
			name = "[CP] Copy Pods Resources";
			outputPaths = (
			);
			runOnlyForDeploymentPostprocessing = 0;
			shellPath = /bin/sh;
			shellScript = "\"${SRCROOT}/Pods/Target Support Files/Pods-image_recognition_iosTests/Pods-image_recognition_iosTests-resources.sh\"\n";
			showEnvVarsInLog = 0;
		};
		F4C3F0A355399B8579F3C266 /* [CP] Check Pods Manifest.lock */ = {
			isa = PBXShellScriptBuildPhase;
			buildActionMask = 2147483647;
			files = (
			);
			inputPaths = (
				"${PODS_PODFILE_DIR_PATH}/Podfile.lock",
				"${PODS_ROOT}/Manifest.lock",
			);
			name = "[CP] Check Pods Manifest.lock";
			outputPaths = (
				"$(DERIVED_FILE_DIR)/Pods-image_recognition_ios-checkManifestLockResult.txt",
			);
			runOnlyForDeploymentPostprocessing = 0;
			shellPath = /bin/sh;
			shellScript = "diff \"${PODS_PODFILE_DIR_PATH}/Podfile.lock\" \"${PODS_ROOT}/Manifest.lock\" > /dev/null\nif [ $? != 0 ] ; then\n    # print error to STDERR\n    echo \"error: The sandbox is not in sync with the Podfile.lock. Run 'pod install' or update your CocoaPods installation.\" >&2\n    exit 1\nfi\n# This output is used by Xcode 'outputs' to avoid re-running this script phase.\necho \"SUCCESS\" > \"${SCRIPT_OUTPUT_FILE_0}\"\n";
			showEnvVarsInLog = 0;
		};
/* End PBXShellScriptBuildPhase section */

/* Begin PBXSourcesBuildPhase section */
		9C8E08521FA109FE0045C1A8 /* Sources */ = {
			isa = PBXSourcesBuildPhase;
			buildActionMask = 2147483647;
			files = (
				9C8E085C1FA109FF0045C1A8 /* CameraVC.swift in Sources */,
				9C8E087A1FA246C80045C1A8 /* TensorflowVC.swift in Sources */,
				9C8E085A1FA109FE0045C1A8 /* AppDelegate.swift in Sources */,
			);
			runOnlyForDeploymentPostprocessing = 0;
		};
		9C8E08661FA10A000045C1A8 /* Sources */ = {
			isa = PBXSourcesBuildPhase;
			buildActionMask = 2147483647;
			files = (
				9C8E086F1FA10A000045C1A8 /* image_recognition_iosTests.swift in Sources */,
			);
			runOnlyForDeploymentPostprocessing = 0;
		};
/* End PBXSourcesBuildPhase section */

/* Begin PBXTargetDependency section */
		9C8E086C1FA10A000045C1A8 /* PBXTargetDependency */ = {
			isa = PBXTargetDependency;
			target = 9C8E08551FA109FE0045C1A8 /* image_recognition_ios */;
			targetProxy = 9C8E086B1FA10A000045C1A8 /* PBXContainerItemProxy */;
		};
/* End PBXTargetDependency section */

/* Begin PBXVariantGroup section */
		9C8E085D1FA109FF0045C1A8 /* Main.storyboard */ = {
			isa = PBXVariantGroup;
			children = (
				9C8E085E1FA109FF0045C1A8 /* Base */,
			);
			name = Main.storyboard;
			sourceTree = "<group>";
		};
		9C8E08621FA109FF0045C1A8 /* LaunchScreen.storyboard */ = {
			isa = PBXVariantGroup;
			children = (
				9C8E08631FA109FF0045C1A8 /* Base */,
			);
			name = LaunchScreen.storyboard;
			sourceTree = "<group>";
		};
/* End PBXVariantGroup section */

/* Begin XCBuildConfiguration section */
		9C8E08711FA10A000045C1A8 /* Debug */ = {
			isa = XCBuildConfiguration;
			buildSettings = {
				ALWAYS_SEARCH_USER_PATHS = NO;
				CLANG_ANALYZER_NONNULL = YES;
				CLANG_CXX_LANGUAGE_STANDARD = "gnu++0x";
				CLANG_CXX_LIBRARY = "libc++";
				CLANG_ENABLE_MODULES = YES;
				CLANG_ENABLE_OBJC_ARC = YES;
				CLANG_WARN_BOOL_CONVERSION = YES;
				CLANG_WARN_CONSTANT_CONVERSION = YES;
				CLANG_WARN_DIRECT_OBJC_ISA_USAGE = YES_ERROR;
				CLANG_WARN_DOCUMENTATION_COMMENTS = YES;
				CLANG_WARN_EMPTY_BODY = YES;
				CLANG_WARN_ENUM_CONVERSION = YES;
				CLANG_WARN_INFINITE_RECURSION = YES;
				CLANG_WARN_INT_CONVERSION = YES;
				CLANG_WARN_OBJC_ROOT_CLASS = YES_ERROR;
				CLANG_WARN_SUSPICIOUS_MOVE = YES;
				CLANG_WARN_UNREACHABLE_CODE = YES;
				CLANG_WARN__DUPLICATE_METHOD_MATCH = YES;
				"CODE_SIGN_IDENTITY[sdk=iphoneos*]" = "iPhone Developer";
				COPY_PHASE_STRIP = NO;
				DEBUG_INFORMATION_FORMAT = dwarf;
				ENABLE_STRICT_OBJC_MSGSEND = YES;
				ENABLE_TESTABILITY = YES;
				GCC_C_LANGUAGE_STANDARD = gnu99;
				GCC_DYNAMIC_NO_PIC = NO;
				GCC_NO_COMMON_BLOCKS = YES;
				GCC_OPTIMIZATION_LEVEL = 0;
				GCC_PREPROCESSOR_DEFINITIONS = (
					"DEBUG=1",
					"$(inherited)",
				);
				GCC_WARN_64_TO_32_BIT_CONVERSION = YES;
				GCC_WARN_ABOUT_RETURN_TYPE = YES_ERROR;
				GCC_WARN_UNDECLARED_SELECTOR = YES;
				GCC_WARN_UNINITIALIZED_AUTOS = YES_AGGRESSIVE;
				GCC_WARN_UNUSED_FUNCTION = YES;
				GCC_WARN_UNUSED_VARIABLE = YES;
				IPHONEOS_DEPLOYMENT_TARGET = 10.2;
				MTL_ENABLE_DEBUG_INFO = YES;
				ONLY_ACTIVE_ARCH = YES;
				SDKROOT = iphoneos;
				SWIFT_ACTIVE_COMPILATION_CONDITIONS = DEBUG;
				SWIFT_OPTIMIZATION_LEVEL = "-Onone";
				TARGETED_DEVICE_FAMILY = "1,2";
			};
			name = Debug;
		};
		9C8E08721FA10A000045C1A8 /* Release */ = {
			isa = XCBuildConfiguration;
			buildSettings = {
				ALWAYS_SEARCH_USER_PATHS = NO;
				CLANG_ANALYZER_NONNULL = YES;
				CLANG_CXX_LANGUAGE_STANDARD = "gnu++0x";
				CLANG_CXX_LIBRARY = "libc++";
				CLANG_ENABLE_MODULES = YES;
				CLANG_ENABLE_OBJC_ARC = YES;
				CLANG_WARN_BOOL_CONVERSION = YES;
				CLANG_WARN_CONSTANT_CONVERSION = YES;
				CLANG_WARN_DIRECT_OBJC_ISA_USAGE = YES_ERROR;
				CLANG_WARN_DOCUMENTATION_COMMENTS = YES;
				CLANG_WARN_EMPTY_BODY = YES;
				CLANG_WARN_ENUM_CONVERSION = YES;
				CLANG_WARN_INFINITE_RECURSION = YES;
				CLANG_WARN_INT_CONVERSION = YES;
				CLANG_WARN_OBJC_ROOT_CLASS = YES_ERROR;
				CLANG_WARN_SUSPICIOUS_MOVE = YES;
				CLANG_WARN_UNREACHABLE_CODE = YES;
				CLANG_WARN__DUPLICATE_METHOD_MATCH = YES;
				"CODE_SIGN_IDENTITY[sdk=iphoneos*]" = "iPhone Developer";
				COPY_PHASE_STRIP = NO;
				DEBUG_INFORMATION_FORMAT = "dwarf-with-dsym";
				ENABLE_NS_ASSERTIONS = NO;
				ENABLE_STRICT_OBJC_MSGSEND = YES;
				GCC_C_LANGUAGE_STANDARD = gnu99;
				GCC_NO_COMMON_BLOCKS = YES;
				GCC_WARN_64_TO_32_BIT_CONVERSION = YES;
				GCC_WARN_ABOUT_RETURN_TYPE = YES_ERROR;
				GCC_WARN_UNDECLARED_SELECTOR = YES;
				GCC_WARN_UNINITIALIZED_AUTOS = YES_AGGRESSIVE;
				GCC_WARN_UNUSED_FUNCTION = YES;
				GCC_WARN_UNUSED_VARIABLE = YES;
				IPHONEOS_DEPLOYMENT_TARGET = 10.2;
				MTL_ENABLE_DEBUG_INFO = NO;
				SDKROOT = iphoneos;
				SWIFT_OPTIMIZATION_LEVEL = "-Owholemodule";
				TARGETED_DEVICE_FAMILY = "1,2";
				VALIDATE_PRODUCT = YES;
			};
			name = Release;
		};
		9C8E08741FA10A000045C1A8 /* Debug */ = {
			isa = XCBuildConfiguration;
			baseConfigurationReference = BE9D7C23FDCBDBFDAEBEDAC6 /* Pods-image_recognition_ios.debug.xcconfig */;
			buildSettings = {
				ASSETCATALOG_COMPILER_APPICON_NAME = AppIcon;
				DEVELOPMENT_TEAM = 7979X6HKG4;
				INFOPLIST_FILE = image_recognition_ios/Info.plist;
				LD_RUNPATH_SEARCH_PATHS = "$(inherited) @executable_path/Frameworks";
				PRODUCT_BUNDLE_IDENTIFIER = "com.example.image-recognition-ios";
				PRODUCT_NAME = "$(TARGET_NAME)";
				SWIFT_VERSION = 3.0;
			};
			name = Debug;
		};
		9C8E08751FA10A000045C1A8 /* Release */ = {
			isa = XCBuildConfiguration;
			baseConfigurationReference = 5D3FBAD06347C1F37B30AF92 /* Pods-image_recognition_ios.release.xcconfig */;
			buildSettings = {
				ASSETCATALOG_COMPILER_APPICON_NAME = AppIcon;
				DEVELOPMENT_TEAM = 7979X6HKG4;
				INFOPLIST_FILE = image_recognition_ios/Info.plist;
				LD_RUNPATH_SEARCH_PATHS = "$(inherited) @executable_path/Frameworks";
				PRODUCT_BUNDLE_IDENTIFIER = "com.example.image-recognition-ios";
				PRODUCT_NAME = "$(TARGET_NAME)";
				SWIFT_VERSION = 3.0;
			};
			name = Release;
		};
		9C8E08771FA10A000045C1A8 /* Debug */ = {
			isa = XCBuildConfiguration;
			baseConfigurationReference = 2C80ABED777A80D34087DBED /* Pods-image_recognition_iosTests.debug.xcconfig */;
			buildSettings = {
				ALWAYS_EMBED_SWIFT_STANDARD_LIBRARIES = YES;
				BUNDLE_LOADER = "$(TEST_HOST)";
				INFOPLIST_FILE = image_recognition_iosTests/Info.plist;
				LD_RUNPATH_SEARCH_PATHS = "$(inherited) @executable_path/Frameworks @loader_path/Frameworks";
				PRODUCT_BUNDLE_IDENTIFIER = "com.example.image-recognition-iosTests";
				PRODUCT_NAME = "$(TARGET_NAME)";
				SWIFT_VERSION = 3.0;
				TEST_HOST = "$(BUILT_PRODUCTS_DIR)/image_recognition_ios.app/image_recognition_ios";
			};
			name = Debug;
		};
		9C8E08781FA10A000045C1A8 /* Release */ = {
			isa = XCBuildConfiguration;
			baseConfigurationReference = 04513143D9A5C36C88CDF70B /* Pods-image_recognition_iosTests.release.xcconfig */;
			buildSettings = {
				ALWAYS_EMBED_SWIFT_STANDARD_LIBRARIES = YES;
				BUNDLE_LOADER = "$(TEST_HOST)";
				INFOPLIST_FILE = image_recognition_iosTests/Info.plist;
				LD_RUNPATH_SEARCH_PATHS = "$(inherited) @executable_path/Frameworks @loader_path/Frameworks";
				PRODUCT_BUNDLE_IDENTIFIER = "com.example.image-recognition-iosTests";
				PRODUCT_NAME = "$(TARGET_NAME)";
				SWIFT_VERSION = 3.0;
				TEST_HOST = "$(BUILT_PRODUCTS_DIR)/image_recognition_ios.app/image_recognition_ios";
			};
			name = Release;
		};
/* End XCBuildConfiguration section */

/* Begin XCConfigurationList section */
		9C8E08511FA109FE0045C1A8 /* Build configuration list for PBXProject "image_recognition_ios" */ = {
			isa = XCConfigurationList;
			buildConfigurations = (
				9C8E08711FA10A000045C1A8 /* Debug */,
				9C8E08721FA10A000045C1A8 /* Release */,
			);
			defaultConfigurationIsVisible = 0;
			defaultConfigurationName = Release;
		};
		9C8E08731FA10A000045C1A8 /* Build configuration list for PBXNativeTarget "image_recognition_ios" */ = {
			isa = XCConfigurationList;
			buildConfigurations = (
				9C8E08741FA10A000045C1A8 /* Debug */,
				9C8E08751FA10A000045C1A8 /* Release */,
			);
			defaultConfigurationIsVisible = 0;
			defaultConfigurationName = Release;
		};
		9C8E08761FA10A000045C1A8 /* Build configuration list for PBXNativeTarget "image_recognition_iosTests" */ = {
			isa = XCConfigurationList;
			buildConfigurations = (
				9C8E08771FA10A000045C1A8 /* Debug */,
				9C8E08781FA10A000045C1A8 /* Release */,
			);
			defaultConfigurationIsVisible = 0;
			defaultConfigurationName = Release;
		};
/* End XCConfigurationList section */
	};
	rootObject = 9C8E084E1FA109FE0045C1A8 /* Project object */;
}
